// !$*UTF8*$!
{
	archiveVersion = 1;
	classes = {
	};
	objectVersion = 50;
	objects = {

/* Begin PBXBuildFile section */
		33A0DB2B2507378F005BA9D7 /* AppDelegate.swift in Sources */ = {isa = PBXBuildFile; fileRef = 33A0DB2A2507378F005BA9D7 /* AppDelegate.swift */; };
		33A0DB2D2507378F005BA9D7 /* SceneDelegate.swift in Sources */ = {isa = PBXBuildFile; fileRef = 33A0DB2C2507378F005BA9D7 /* SceneDelegate.swift */; };
		33A0DB2F2507378F005BA9D7 /* ViewController.swift in Sources */ = {isa = PBXBuildFile; fileRef = 33A0DB2E2507378F005BA9D7 /* ViewController.swift */; };
		33A0DB322507378F005BA9D7 /* Main.storyboard in Resources */ = {isa = PBXBuildFile; fileRef = 33A0DB302507378F005BA9D7 /* Main.storyboard */; };
		33A0DB352507378F005BA9D7 /* Zhinaqy.xcdatamodeld in Sources */ = {isa = PBXBuildFile; fileRef = 33A0DB332507378F005BA9D7 /* Zhinaqy.xcdatamodeld */; };
		33A0DB3725073793005BA9D7 /* Assets.xcassets in Resources */ = {isa = PBXBuildFile; fileRef = 33A0DB3625073793005BA9D7 /* Assets.xcassets */; };
		33A0DB3A25073793005BA9D7 /* LaunchScreen.storyboard in Resources */ = {isa = PBXBuildFile; fileRef = 33A0DB3825073793005BA9D7 /* LaunchScreen.storyboard */; };
/* End PBXBuildFile section */

/* Begin PBXFileReference section */
		33A0DB272507378F005BA9D7 /* Zhinaqy.app */ = {isa = PBXFileReference; explicitFileType = wrapper.application; includeInIndex = 0; path = Zhinaqy.app; sourceTree = BUILT_PRODUCTS_DIR; };
		33A0DB2A2507378F005BA9D7 /* AppDelegate.swift */ = {isa = PBXFileReference; lastKnownFileType = sourcecode.swift; path = AppDelegate.swift; sourceTree = "<group>"; };
		33A0DB2C2507378F005BA9D7 /* SceneDelegate.swift */ = {isa = PBXFileReference; lastKnownFileType = sourcecode.swift; path = SceneDelegate.swift; sourceTree = "<group>"; };
		33A0DB2E2507378F005BA9D7 /* ViewController.swift */ = {isa = PBXFileReference; lastKnownFileType = sourcecode.swift; path = ViewController.swift; sourceTree = "<group>"; };
		33A0DB312507378F005BA9D7 /* Base */ = {isa = PBXFileReference; lastKnownFileType = file.storyboard; name = Base; path = Base.lproj/Main.storyboard; sourceTree = "<group>"; };
		33A0DB342507378F005BA9D7 /* Zhinaqy.xcdatamodel */ = {isa = PBXFileReference; lastKnownFileType = wrapper.xcdatamodel; path = Zhinaqy.xcdatamodel; sourceTree = "<group>"; };
		33A0DB3625073793005BA9D7 /* Assets.xcassets */ = {isa = PBXFileReference; lastKnownFileType = folder.assetcatalog; path = Assets.xcassets; sourceTree = "<group>"; };
		33A0DB3925073793005BA9D7 /* Base */ = {isa = PBXFileReference; lastKnownFileType = file.storyboard; name = Base; path = Base.lproj/LaunchScreen.storyboard; sourceTree = "<group>"; };
		33A0DB3B25073793005BA9D7 /* Info.plist */ = {isa = PBXFileReference; lastKnownFileType = text.plist.xml; path = Info.plist; sourceTree = "<group>"; };
/* End PBXFileReference section */

/* Begin PBXFrameworksBuildPhase section */
		33A0DB242507378F005BA9D7 /* Frameworks */ = {
			isa = PBXFrameworksBuildPhase;
			buildActionMask = 2147483647;
			files = (
			);
			runOnlyForDeploymentPostprocessing = 0;
		};
/* End PBXFrameworksBuildPhase section */

/* Begin PBXGroup section */
		33A0DB1E2507378F005BA9D7 = {
			isa = PBXGroup;
			children = (
				33A0DB292507378F005BA9D7 /* Zhinaqy */,
				33A0DB282507378F005BA9D7 /* Products */,
			);
			sourceTree = "<group>";
		};
		33A0DB282507378F005BA9D7 /* Products */ = {
			isa = PBXGroup;
			children = (
				33A0DB272507378F005BA9D7 /* Zhinaqy.app */,
			);
			name = Products;
			sourceTree = "<group>";
		};
		33A0DB292507378F005BA9D7 /* Zhinaqy */ = {
			isa = PBXGroup;
			children = (
				33A0DB2A2507378F005BA9D7 /* AppDelegate.swift */,
				33A0DB2C2507378F005BA9D7 /* SceneDelegate.swift */,
				33A0DB2E2507378F005BA9D7 /* ViewController.swift */,
				33A0DB302507378F005BA9D7 /* Main.storyboard */,
				33A0DB3625073793005BA9D7 /* Assets.xcassets */,
				33A0DB3825073793005BA9D7 /* LaunchScreen.storyboard */,
				33A0DB3B25073793005BA9D7 /* Info.plist */,
				33A0DB332507378F005BA9D7 /* Zhinaqy.xcdatamodeld */,
			);
			path = Zhinaqy;
			sourceTree = "<group>";
		};
/* End PBXGroup section */

/* Begin PBXNativeTarget section */
		33A0DB262507378F005BA9D7 /* Zhinaqy */ = {
			isa = PBXNativeTarget;
			buildConfigurationList = 33A0DB3E25073793005BA9D7 /* Build configuration list for PBXNativeTarget "Zhinaqy" */;
			buildPhases = (
				33A0DB232507378F005BA9D7 /* Sources */,
				33A0DB242507378F005BA9D7 /* Frameworks */,
				33A0DB252507378F005BA9D7 /* Resources */,
			);
			buildRules = (
			);
			dependencies = (
			);
			name = Zhinaqy;
			productName = Zhinaqy;
			productReference = 33A0DB272507378F005BA9D7 /* Zhinaqy.app */;
			productType = "com.apple.product-type.application";
		};
/* End PBXNativeTarget section */

/* Begin PBXProject section */
		33A0DB1F2507378F005BA9D7 /* Project object */ = {
			isa = PBXProject;
			attributes = {
				LastSwiftUpdateCheck = 1160;
				LastUpgradeCheck = 1160;
				ORGANIZATIONNAME = "Kuanysh Anarbay";
				TargetAttributes = {
					33A0DB262507378F005BA9D7 = {
						CreatedOnToolsVersion = 11.6;
					};
				};
			};
			buildConfigurationList = 33A0DB222507378F005BA9D7 /* Build configuration list for PBXProject "Zhinaqy" */;
			compatibilityVersion = "Xcode 9.3";
			developmentRegion = en;
			hasScannedForEncodings = 0;
			knownRegions = (
				en,
				Base,
			);
			mainGroup = 33A0DB1E2507378F005BA9D7;
			productRefGroup = 33A0DB282507378F005BA9D7 /* Products */;
			projectDirPath = "";
			projectRoot = "";
			targets = (
				33A0DB262507378F005BA9D7 /* Zhinaqy */,
			);
		};
/* End PBXProject section */

/* Begin PBXResourcesBuildPhase section */
		33A0DB252507378F005BA9D7 /* Resources */ = {
			isa = PBXResourcesBuildPhase;
			buildActionMask = 2147483647;
			files = (
				33A0DB3A25073793005BA9D7 /* LaunchScreen.storyboard in Resources */,
				33A0DB3725073793005BA9D7 /* Assets.xcassets in Resources */,
				33A0DB322507378F005BA9D7 /* Main.storyboard in Resources */,
			);
			runOnlyForDeploymentPostprocessing = 0;
		};
/* End PBXResourcesBuildPhase section */

/* Begin PBXSourcesBuildPhase section */
		33A0DB232507378F005BA9D7 /* Sources */ = {
			isa = PBXSourcesBuildPhase;
			buildActionMask = 2147483647;
			files = (
				33A0DB352507378F005BA9D7 /* Zhinaqy.xcdatamodeld in Sources */,
				33A0DB2F2507378F005BA9D7 /* ViewController.swift in Sources */,
				33A0DB2B2507378F005BA9D7 /* AppDelegate.swift in Sources */,
				33A0DB2D2507378F005BA9D7 /* SceneDelegate.swift in Sources */,
			);
			runOnlyForDeploymentPostprocessing = 0;
		};
/* End PBXSourcesBuildPhase section */

/* Begin PBXVariantGroup section */
		33A0DB302507378F005BA9D7 /* Main.storyboard */ = {
			isa = PBXVariantGroup;
			children = (
				33A0DB312507378F005BA9D7 /* Base */,
			);
			name = Main.storyboard;
			sourceTree = "<group>";
		};
		33A0DB3825073793005BA9D7 /* LaunchScreen.storyboard */ = {
			isa = PBXVariantGroup;
			children = (
				33A0DB3925073793005BA9D7 /* Base */,
			);
			name = LaunchScreen.storyboard;
			sourceTree = "<group>";
		};
/* End PBXVariantGroup section */

/* Begin XCBuildConfiguration section */
		33A0DB3C25073793005BA9D7 /* Debug */ = {
			isa = XCBuildConfiguration;
			buildSettings = {
				ALWAYS_SEARCH_USER_PATHS = NO;
				CLANG_ANALYZER_NONNULL = YES;
				CLANG_ANALYZER_NUMBER_OBJECT_CONVERSION = YES_AGGRESSIVE;
				CLANG_CXX_LANGUAGE_STANDARD = "gnu++14";
				CLANG_CXX_LIBRARY = "libc++";
				CLANG_ENABLE_MODULES = YES;
				CLANG_ENABLE_OBJC_ARC = YES;
				CLANG_ENABLE_OBJC_WEAK = YES;
				CLANG_WARN_BLOCK_CAPTURE_AUTORELEASING = YES;
				CLANG_WARN_BOOL_CONVERSION = YES;
				CLANG_WARN_COMMA = YES;
				CLANG_WARN_CONSTANT_CONVERSION = YES;
				CLANG_WARN_DEPRECATED_OBJC_IMPLEMENTATIONS = YES;
				CLANG_WARN_DIRECT_OBJC_ISA_USAGE = YES_ERROR;
				CLANG_WARN_DOCUMENTATION_COMMENTS = YES;
				CLANG_WARN_EMPTY_BODY = YES;
				CLANG_WARN_ENUM_CONVERSION = YES;
				CLANG_WARN_INFINITE_RECURSION = YES;
				CLANG_WARN_INT_CONVERSION = YES;
				CLANG_WARN_NON_LITERAL_NULL_CONVERSION = YES;
				CLANG_WARN_OBJC_IMPLICIT_RETAIN_SELF = YES;
				CLANG_WARN_OBJC_LITERAL_CONVERSION = YES;
				CLANG_WARN_OBJC_ROOT_CLASS = YES_ERROR;
				CLANG_WARN_RANGE_LOOP_ANALYSIS = YES;
				CLANG_WARN_STRICT_PROTOTYPES = YES;
				CLANG_WARN_SUSPICIOUS_MOVE = YES;
				CLANG_WARN_UNGUARDED_AVAILABILITY = YES_AGGRESSIVE;
				CLANG_WARN_UNREACHABLE_CODE = YES;
				CLANG_WARN__DUPLICATE_METHOD_MATCH = YES;
				COPY_PHASE_STRIP = NO;
				DEBUG_INFORMATION_FORMAT = dwarf;
				ENABLE_STRICT_OBJC_MSGSEND = YES;
				ENABLE_TESTABILITY = YES;
				GCC_C_LANGUAGE_STANDARD = gnu11;
				GCC_DYNAMIC_NO_PIC = NO;
				GCC_NO_COMMON_BLOCKS = YES;
				GCC_OPTIMIZATION_LEVEL = 0;
				GCC_PREPROCESSOR_DEFINITIONS = (
					"DEBUG=1",
					"$(inherited)",
				);
				GCC_WARN_64_TO_32_BIT_CONVERSION = YES;
				GCC_WARN_ABOUT_RETURN_TYPE = YES_ERROR;
				GCC_WARN_UNDECLARED_SELECTOR = YES;
				GCC_WARN_UNINITIALIZED_AUTOS = YES_AGGRESSIVE;
				GCC_WARN_UNUSED_FUNCTION = YES;
				GCC_WARN_UNUSED_VARIABLE = YES;
				IPHONEOS_DEPLOYMENT_TARGET = 13.6;
				MTL_ENABLE_DEBUG_INFO = INCLUDE_SOURCE;
				MTL_FAST_MATH = YES;
				ONLY_ACTIVE_ARCH = YES;
				SDKROOT = iphoneos;
				SWIFT_ACTIVE_COMPILATION_CONDITIONS = DEBUG;
				SWIFT_OPTIMIZATION_LEVEL = "-Onone";
			};
			name = Debug;
		};
		33A0DB3D25073793005BA9D7 /* Release */ = {
			isa = XCBuildConfiguration;
			buildSettings = {
				ALWAYS_SEARCH_USER_PATHS = NO;
				CLANG_ANALYZER_NONNULL = YES;
				CLANG_ANALYZER_NUMBER_OBJECT_CONVERSION = YES_AGGRESSIVE;
				CLANG_CXX_LANGUAGE_STANDARD = "gnu++14";
				CLANG_CXX_LIBRARY = "libc++";
				CLANG_ENABLE_MODULES = YES;
				CLANG_ENABLE_OBJC_ARC = YES;
				CLANG_ENABLE_OBJC_WEAK = YES;
				CLANG_WARN_BLOCK_CAPTURE_AUTORELEASING = YES;
				CLANG_WARN_BOOL_CONVERSION = YES;
				CLANG_WARN_COMMA = YES;
				CLANG_WARN_CONSTANT_CONVERSION = YES;
				CLANG_WARN_DEPRECATED_OBJC_IMPLEMENTATIONS = YES;
				CLANG_WARN_DIRECT_OBJC_ISA_USAGE = YES_ERROR;
				CLANG_WARN_DOCUMENTATION_COMMENTS = YES;
				CLANG_WARN_EMPTY_BODY = YES;
				CLANG_WARN_ENUM_CONVERSION = YES;
				CLANG_WARN_INFINITE_RECURSION = YES;
				CLANG_WARN_INT_CONVERSION = YES;
				CLANG_WARN_NON_LITERAL_NULL_CONVERSION = YES;
				CLANG_WARN_OBJC_IMPLICIT_RETAIN_SELF = YES;
				CLANG_WARN_OBJC_LITERAL_CONVERSION = YES;
				CLANG_WARN_OBJC_ROOT_CLASS = YES_ERROR;
				CLANG_WARN_RANGE_LOOP_ANALYSIS = YES;
				CLANG_WARN_STRICT_PROTOTYPES = YES;
				CLANG_WARN_SUSPICIOUS_MOVE = YES;
				CLANG_WARN_UNGUARDED_AVAILABILITY = YES_AGGRESSIVE;
				CLANG_WARN_UNREACHABLE_CODE = YES;
				CLANG_WARN__DUPLICATE_METHOD_MATCH = YES;
				COPY_PHASE_STRIP = NO;
				DEBUG_INFORMATION_FORMAT = "dwarf-with-dsym";
				ENABLE_NS_ASSERTIONS = NO;
				ENABLE_STRICT_OBJC_MSGSEND = YES;
				GCC_C_LANGUAGE_STANDARD = gnu11;
				GCC_NO_COMMON_BLOCKS = YES;
				GCC_WARN_64_TO_32_BIT_CONVERSION = YES;
				GCC_WARN_ABOUT_RETURN_TYPE = YES_ERROR;
				GCC_WARN_UNDECLARED_SELECTOR = YES;
				GCC_WARN_UNINITIALIZED_AUTOS = YES_AGGRESSIVE;
				GCC_WARN_UNUSED_FUNCTION = YES;
				GCC_WARN_UNUSED_VARIABLE = YES;
				IPHONEOS_DEPLOYMENT_TARGET = 13.6;
				MTL_ENABLE_DEBUG_INFO = NO;
				MTL_FAST_MATH = YES;
				SDKROOT = iphoneos;
				SWIFT_COMPILATION_MODE = wholemodule;
				SWIFT_OPTIMIZATION_LEVEL = "-O";
				VALIDATE_PRODUCT = YES;
			};
			name = Release;
		};
		33A0DB3F25073793005BA9D7 /* Debug */ = {
			isa = XCBuildConfiguration;
			buildSettings = {
				ASSETCATALOG_COMPILER_APPICON_NAME = AppIcon;
				CODE_SIGN_STYLE = Automatic;
				DEVELOPMENT_TEAM = 9WL566ZDJM;
				INFOPLIST_FILE = Zhinaqy/Info.plist;
				LD_RUNPATH_SEARCH_PATHS = (
					"$(inherited)",
					"@executable_path/Frameworks",
				);
				PRODUCT_BUNDLE_IDENTIFIER = "com.kuna-anarbay.Zhinaqy";
				PRODUCT_NAME = "$(TARGET_NAME)";
				SWIFT_VERSION = 5.0;
				TARGETED_DEVICE_FAMILY = "1,2";
			};
			name = Debug;
		};
		33A0DB4025073793005BA9D7 /* Release */ = {
			isa = XCBuildConfiguration;
			buildSettings = {
				ASSETCATALOG_COMPILER_APPICON_NAME = AppIcon;
				CODE_SIGN_STYLE = Automatic;
				DEVELOPMENT_TEAM = 9WL566ZDJM;
				INFOPLIST_FILE = Zhinaqy/Info.plist;
				LD_RUNPATH_SEARCH_PATHS = (
					"$(inherited)",
					"@executable_path/Frameworks",
				);
				PRODUCT_BUNDLE_IDENTIFIER = "com.kuna-anarbay.Zhinaqy";
				PRODUCT_NAME = "$(TARGET_NAME)";
				SWIFT_VERSION = 5.0;
				TARGETED_DEVICE_FAMILY = "1,2";
			};
			name = Release;
		};
/* End XCBuildConfiguration section */

/* Begin XCConfigurationList section */
		33A0DB222507378F005BA9D7 /* Build configuration list for PBXProject "Zhinaqy" */ = {
			isa = XCConfigurationList;
			buildConfigurations = (
				33A0DB3C25073793005BA9D7 /* Debug */,
				33A0DB3D25073793005BA9D7 /* Release */,
			);
			defaultConfigurationIsVisible = 0;
			defaultConfigurationName = Release;
		};
		33A0DB3E25073793005BA9D7 /* Build configuration list for PBXNativeTarget "Zhinaqy" */ = {
			isa = XCConfigurationList;
			buildConfigurations = (
				33A0DB3F25073793005BA9D7 /* Debug */,
				33A0DB4025073793005BA9D7 /* Release */,
			);
			defaultConfigurationIsVisible = 0;
			defaultConfigurationName = Release;
		};
/* End XCConfigurationList section */

/* Begin XCVersionGroup section */
		33A0DB332507378F005BA9D7 /* Zhinaqy.xcdatamodeld */ = {
			isa = XCVersionGroup;
			children = (
				33A0DB342507378F005BA9D7 /* Zhinaqy.xcdatamodel */,
			);
			currentVersion = 33A0DB342507378F005BA9D7 /* Zhinaqy.xcdatamodel */;
			path = Zhinaqy.xcdatamodeld;
			sourceTree = "<group>";
			versionGroupType = wrapper.xcdatamodel;
		};
/* End XCVersionGroup section */
	};
	rootObject = 33A0DB1F2507378F005BA9D7 /* Project object */;
}
