// !$*UTF8*$!
{
	archiveVersion = 1;
	classes = {
	};
	objectVersion = 50;
	objects = {

/* Begin PBXBuildFile section */
		33109778250C983200A9F666 /* NewProjectView.swift in Sources */ = {isa = PBXBuildFile; fileRef = 33109777250C983200A9F666 /* NewProjectView.swift */; };
		3310977A250CEA3800A9F666 /* UINavigationController.swift in Sources */ = {isa = PBXBuildFile; fileRef = 33109779250CEA3800A9F666 /* UINavigationController.swift */; };
		3310977C250D594100A9F666 /* UIButton+Path.swift in Sources */ = {isa = PBXBuildFile; fileRef = 3310977B250D594100A9F666 /* UIButton+Path.swift */; };
		337D1829250B54A000A47B9C /* Date.swift in Sources */ = {isa = PBXBuildFile; fileRef = 337D1828250B54A000A47B9C /* Date.swift */; };
		337D182B250B57B400A47B9C /* Task.swift in Sources */ = {isa = PBXBuildFile; fileRef = 337D182A250B57B400A47B9C /* Task.swift */; };
		337D182D250B5A4F00A47B9C /* Date+Int.swift in Sources */ = {isa = PBXBuildFile; fileRef = 337D182C250B5A4F00A47B9C /* Date+Int.swift */; };
		337D182F250B6F7B00A47B9C /* Color.swift in Sources */ = {isa = PBXBuildFile; fileRef = 337D182E250B6F7B00A47B9C /* Color.swift */; };
		337D1831250B7B9C00A47B9C /* DayCell.swift in Sources */ = {isa = PBXBuildFile; fileRef = 337D1830250B7B9C00A47B9C /* DayCell.swift */; };
		337D1834250BB43E00A47B9C /* Drawable.swift in Sources */ = {isa = PBXBuildFile; fileRef = 337D1833250BB43E00A47B9C /* Drawable.swift */; };
		338095EC250FAD7900CC180C /* DependencyContainer+ViewModelFactory.swift in Sources */ = {isa = PBXBuildFile; fileRef = 338095EB250FAD7900CC180C /* DependencyContainer+ViewModelFactory.swift */; };
		338095EE250FAD8200CC180C /* DependencyContainer+ViewFactory.swift in Sources */ = {isa = PBXBuildFile; fileRef = 338095ED250FAD8200CC180C /* DependencyContainer+ViewFactory.swift */; };
		338095F0250FAD8D00CC180C /* DependencyContainer+NavigationFactory.swift in Sources */ = {isa = PBXBuildFile; fileRef = 338095EF250FAD8D00CC180C /* DependencyContainer+NavigationFactory.swift */; };
		338095F2250FAD9C00CC180C /* NavigationFactory.swift in Sources */ = {isa = PBXBuildFile; fileRef = 338095F1250FAD9C00CC180C /* NavigationFactory.swift */; };
		338095F4250FAE8200CC180C /* CoreDataError.swift in Sources */ = {isa = PBXBuildFile; fileRef = 338095F3250FAE8200CC180C /* CoreDataError.swift */; };
		338095F6250FB24C00CC180C /* Contextable.swift in Sources */ = {isa = PBXBuildFile; fileRef = 338095F5250FB24C00CC180C /* Contextable.swift */; };
		338095F8250FB2E300CC180C /* BatchRequestable.swift in Sources */ = {isa = PBXBuildFile; fileRef = 338095F7250FB2E300CC180C /* BatchRequestable.swift */; };
		338095FA250FB4EF00CC180C /* CoreDataResult.swift in Sources */ = {isa = PBXBuildFile; fileRef = 338095F9250FB4EF00CC180C /* CoreDataResult.swift */; };
		338095FC250FB90A00CC180C /* EntityModifiable.swift in Sources */ = {isa = PBXBuildFile; fileRef = 338095FB250FB90A00CC180C /* EntityModifiable.swift */; };
		33809605250FC72700CC180C /* TaskModifiable.swift in Sources */ = {isa = PBXBuildFile; fileRef = 33809604250FC72700CC180C /* TaskModifiable.swift */; };
		33809607250FC83A00CC180C /* DataFetchable.swift in Sources */ = {isa = PBXBuildFile; fileRef = 33809606250FC83A00CC180C /* DataFetchable.swift */; };
		3380960B250FFDF600CC180C /* Progressable.swift in Sources */ = {isa = PBXBuildFile; fileRef = 3380960A250FFDF600CC180C /* Progressable.swift */; };
		33A0DB2B2507378F005BA9D7 /* AppDelegate.swift in Sources */ = {isa = PBXBuildFile; fileRef = 33A0DB2A2507378F005BA9D7 /* AppDelegate.swift */; };
		33A0DB2D2507378F005BA9D7 /* SceneDelegate.swift in Sources */ = {isa = PBXBuildFile; fileRef = 33A0DB2C2507378F005BA9D7 /* SceneDelegate.swift */; };
		33A0DB352507378F005BA9D7 /* Zhinaqy.xcdatamodeld in Sources */ = {isa = PBXBuildFile; fileRef = 33A0DB332507378F005BA9D7 /* Zhinaqy.xcdatamodeld */; };
		33A0DB3725073793005BA9D7 /* Assets.xcassets in Resources */ = {isa = PBXBuildFile; fileRef = 33A0DB3625073793005BA9D7 /* Assets.xcassets */; };
		33A0DB3A25073793005BA9D7 /* LaunchScreen.storyboard in Resources */ = {isa = PBXBuildFile; fileRef = 33A0DB3825073793005BA9D7 /* LaunchScreen.storyboard */; };
		33A0DB492507382D005BA9D7 /* DependencyContainer.swift in Sources */ = {isa = PBXBuildFile; fileRef = 33A0DB482507382D005BA9D7 /* DependencyContainer.swift */; };
		33A0DB4B2507383D005BA9D7 /* ViewFactory.swift in Sources */ = {isa = PBXBuildFile; fileRef = 33A0DB4A2507383D005BA9D7 /* ViewFactory.swift */; };
		33A0DB4D25073845005BA9D7 /* ViewModelFactory.swift in Sources */ = {isa = PBXBuildFile; fileRef = 33A0DB4C25073845005BA9D7 /* ViewModelFactory.swift */; };
		33A0DB4F25073855005BA9D7 /* CoreDataManager.swift in Sources */ = {isa = PBXBuildFile; fileRef = 33A0DB4E25073855005BA9D7 /* CoreDataManager.swift */; };
		33A0DB5525073ACD005BA9D7 /* CalendarView.swift in Sources */ = {isa = PBXBuildFile; fileRef = 33A0DB5425073ACD005BA9D7 /* CalendarView.swift */; };
		33A0DB5725074411005BA9D7 /* PlansView.swift in Sources */ = {isa = PBXBuildFile; fileRef = 33A0DB5625074411005BA9D7 /* PlansView.swift */; };
		33A364912510AF9F00A31E44 /* Observable.swift in Sources */ = {isa = PBXBuildFile; fileRef = 33A364902510AF9F00A31E44 /* Observable.swift */; };
		33A364932510B06500A31E44 /* BindableTextField.swift in Sources */ = {isa = PBXBuildFile; fileRef = 33A364922510B06500A31E44 /* BindableTextField.swift */; };
		33A364972510B0E600A31E44 /* BindableSwitch.swift in Sources */ = {isa = PBXBuildFile; fileRef = 33A364962510B0E600A31E44 /* BindableSwitch.swift */; };
		33A364992510B10900A31E44 /* BindableSegmentedControl.swift in Sources */ = {isa = PBXBuildFile; fileRef = 33A364982510B10900A31E44 /* BindableSegmentedControl.swift */; };
		33A3649B2510B11800A31E44 /* BindableTextView.swift in Sources */ = {isa = PBXBuildFile; fileRef = 33A3649A2510B11800A31E44 /* BindableTextView.swift */; };
		33A3649D2510B13A00A31E44 /* BindablePickerView.swift in Sources */ = {isa = PBXBuildFile; fileRef = 33A3649C2510B13A00A31E44 /* BindablePickerView.swift */; };
		33A3649F2510B14E00A31E44 /* BindableDatePicker.swift in Sources */ = {isa = PBXBuildFile; fileRef = 33A3649E2510B14E00A31E44 /* BindableDatePicker.swift */; };
		33A364A525113FDF00A31E44 /* README.md in Resources */ = {isa = PBXBuildFile; fileRef = 33A364A425113FDF00A31E44 /* README.md */; };
		33A429CA250A074C0000872D /* UIView+Anchor.swift in Sources */ = {isa = PBXBuildFile; fileRef = 33A429C9250A074C0000872D /* UIView+Anchor.swift */; };
		33A429CC250A1A570000872D /* UIViewController+UIActionSheet.swift in Sources */ = {isa = PBXBuildFile; fileRef = 33A429CB250A1A570000872D /* UIViewController+UIActionSheet.swift */; };
		33A429CE250A4DFD0000872D /* AlertCell.swift in Sources */ = {isa = PBXBuildFile; fileRef = 33A429CD250A4DFD0000872D /* AlertCell.swift */; };
		33AE8486250BDD2A00640536 /* UIView+Animation.swift in Sources */ = {isa = PBXBuildFile; fileRef = 33AE8485250BDD2A00640536 /* UIView+Animation.swift */; };
		33AE8488250C12DA00640536 /* SectionHeader.swift in Sources */ = {isa = PBXBuildFile; fileRef = 33AE8487250C12DA00640536 /* SectionHeader.swift */; };
		33C511E42507632900E1C6A5 /* PlansViewModel.swift in Sources */ = {isa = PBXBuildFile; fileRef = 33C511E32507632900E1C6A5 /* PlansViewModel.swift */; };
		33C511E6250763B700E1C6A5 /* RootView.swift in Sources */ = {isa = PBXBuildFile; fileRef = 33C511E5250763B700E1C6A5 /* RootView.swift */; };
		33C511EB2507689200E1C6A5 /* Navigator.swift in Sources */ = {isa = PBXBuildFile; fileRef = 33C511EA2507689200E1C6A5 /* Navigator.swift */; };
		33C511ED250768A300E1C6A5 /* PlansNavigator.swift in Sources */ = {isa = PBXBuildFile; fileRef = 33C511EC250768A300E1C6A5 /* PlansNavigator.swift */; };
		33C511EF250768AE00E1C6A5 /* ProjectsNavigator.swift in Sources */ = {isa = PBXBuildFile; fileRef = 33C511EE250768AE00E1C6A5 /* ProjectsNavigator.swift */; };
		33C511F5250769BE00E1C6A5 /* NewTaskView.swift in Sources */ = {isa = PBXBuildFile; fileRef = 33C511F4250769BE00E1C6A5 /* NewTaskView.swift */; };
		33C511F7250769C700E1C6A5 /* ProjectsView.swift in Sources */ = {isa = PBXBuildFile; fileRef = 33C511F6250769C700E1C6A5 /* ProjectsView.swift */; };
		33C511F9250769DA00E1C6A5 /* ProjectView.swift in Sources */ = {isa = PBXBuildFile; fileRef = 33C511F8250769DA00E1C6A5 /* ProjectView.swift */; };
		33C511FB250769E200E1C6A5 /* ProjectHeaderView.swift in Sources */ = {isa = PBXBuildFile; fileRef = 33C511FA250769E200E1C6A5 /* ProjectHeaderView.swift */; };
		33C511FF25077B8900E1C6A5 /* UIColor.swift in Sources */ = {isa = PBXBuildFile; fileRef = 33C511FE25077B8900E1C6A5 /* UIColor.swift */; };
		33C5120125077E0000E1C6A5 /* TaskTableViewCell.swift in Sources */ = {isa = PBXBuildFile; fileRef = 33C5120025077E0000E1C6A5 /* TaskTableViewCell.swift */; };
		33C51203250786B300E1C6A5 /* NewTaskViewModel.swift in Sources */ = {isa = PBXBuildFile; fileRef = 33C51202250786B300E1C6A5 /* NewTaskViewModel.swift */; };
		33C51205250786DC00E1C6A5 /* ProjectsViewModel.swift in Sources */ = {isa = PBXBuildFile; fileRef = 33C51204250786DC00E1C6A5 /* ProjectsViewModel.swift */; };
		33C51207250786E300E1C6A5 /* ProjectViewModel.swift in Sources */ = {isa = PBXBuildFile; fileRef = 33C51206250786E300E1C6A5 /* ProjectViewModel.swift */; };
		33C51209250786ED00E1C6A5 /* NewProjectViewModel.swift in Sources */ = {isa = PBXBuildFile; fileRef = 33C51208250786ED00E1C6A5 /* NewProjectViewModel.swift */; };
		33C5120E2507E90900E1C6A5 /* TextFieldTableViewCell.swift in Sources */ = {isa = PBXBuildFile; fileRef = 33C5120D2507E90900E1C6A5 /* TextFieldTableViewCell.swift */; };
		33C512102507EC5C00E1C6A5 /* BasicTableViewCell.swift in Sources */ = {isa = PBXBuildFile; fileRef = 33C5120F2507EC5C00E1C6A5 /* BasicTableViewCell.swift */; };
		33C512122507F60C00E1C6A5 /* Bindable.swift in Sources */ = {isa = PBXBuildFile; fileRef = 33C512112507F60C00E1C6A5 /* Bindable.swift */; };
		33C512162507F62600E1C6A5 /* NSObject+Observable.swift in Sources */ = {isa = PBXBuildFile; fileRef = 33C512152507F62600E1C6A5 /* NSObject+Observable.swift */; };
		33C5121A250800C000E1C6A5 /* Date+String.swift in Sources */ = {isa = PBXBuildFile; fileRef = 33C51219250800C000E1C6A5 /* Date+String.swift */; };
		33CA9606250959CA008084DD /* TextViewTableViewCell.swift in Sources */ = {isa = PBXBuildFile; fileRef = 33CA9605250959CA008084DD /* TextViewTableViewCell.swift */; };
		33CA96082509606D008084DD /* DaysTableViewCell.swift in Sources */ = {isa = PBXBuildFile; fileRef = 33CA96072509606D008084DD /* DaysTableViewCell.swift */; };
		33CA960A25096079008084DD /* AlertsTableViewCell.swift in Sources */ = {isa = PBXBuildFile; fileRef = 33CA960925096078008084DD /* AlertsTableViewCell.swift */; };
/* End PBXBuildFile section */

/* Begin PBXFileReference section */
		33109777250C983200A9F666 /* NewProjectView.swift */ = {isa = PBXFileReference; lastKnownFileType = sourcecode.swift; path = NewProjectView.swift; sourceTree = "<group>"; };
		33109779250CEA3800A9F666 /* UINavigationController.swift */ = {isa = PBXFileReference; lastKnownFileType = sourcecode.swift; path = UINavigationController.swift; sourceTree = "<group>"; };
		3310977B250D594100A9F666 /* UIButton+Path.swift */ = {isa = PBXFileReference; lastKnownFileType = sourcecode.swift; path = "UIButton+Path.swift"; sourceTree = "<group>"; };
		337D1828250B54A000A47B9C /* Date.swift */ = {isa = PBXFileReference; lastKnownFileType = sourcecode.swift; path = Date.swift; sourceTree = "<group>"; };
		337D182A250B57B400A47B9C /* Task.swift */ = {isa = PBXFileReference; lastKnownFileType = sourcecode.swift; path = Task.swift; sourceTree = "<group>"; };
		337D182C250B5A4F00A47B9C /* Date+Int.swift */ = {isa = PBXFileReference; lastKnownFileType = sourcecode.swift; path = "Date+Int.swift"; sourceTree = "<group>"; };
		337D182E250B6F7B00A47B9C /* Color.swift */ = {isa = PBXFileReference; lastKnownFileType = sourcecode.swift; path = Color.swift; sourceTree = "<group>"; };
		337D1830250B7B9C00A47B9C /* DayCell.swift */ = {isa = PBXFileReference; lastKnownFileType = sourcecode.swift; path = DayCell.swift; sourceTree = "<group>"; };
		337D1833250BB43E00A47B9C /* Drawable.swift */ = {isa = PBXFileReference; lastKnownFileType = sourcecode.swift; path = Drawable.swift; sourceTree = "<group>"; };
		338095EB250FAD7900CC180C /* DependencyContainer+ViewModelFactory.swift */ = {isa = PBXFileReference; lastKnownFileType = sourcecode.swift; path = "DependencyContainer+ViewModelFactory.swift"; sourceTree = "<group>"; };
		338095ED250FAD8200CC180C /* DependencyContainer+ViewFactory.swift */ = {isa = PBXFileReference; lastKnownFileType = sourcecode.swift; path = "DependencyContainer+ViewFactory.swift"; sourceTree = "<group>"; };
		338095EF250FAD8D00CC180C /* DependencyContainer+NavigationFactory.swift */ = {isa = PBXFileReference; lastKnownFileType = sourcecode.swift; path = "DependencyContainer+NavigationFactory.swift"; sourceTree = "<group>"; };
		338095F1250FAD9C00CC180C /* NavigationFactory.swift */ = {isa = PBXFileReference; lastKnownFileType = sourcecode.swift; path = NavigationFactory.swift; sourceTree = "<group>"; };
		338095F3250FAE8200CC180C /* CoreDataError.swift */ = {isa = PBXFileReference; lastKnownFileType = sourcecode.swift; path = CoreDataError.swift; sourceTree = "<group>"; };
		338095F5250FB24C00CC180C /* Contextable.swift */ = {isa = PBXFileReference; lastKnownFileType = sourcecode.swift; path = Contextable.swift; sourceTree = "<group>"; };
		338095F7250FB2E300CC180C /* BatchRequestable.swift */ = {isa = PBXFileReference; lastKnownFileType = sourcecode.swift; path = BatchRequestable.swift; sourceTree = "<group>"; };
		338095F9250FB4EF00CC180C /* CoreDataResult.swift */ = {isa = PBXFileReference; lastKnownFileType = sourcecode.swift; path = CoreDataResult.swift; sourceTree = "<group>"; };
		338095FB250FB90A00CC180C /* EntityModifiable.swift */ = {isa = PBXFileReference; lastKnownFileType = sourcecode.swift; path = EntityModifiable.swift; sourceTree = "<group>"; };
		33809604250FC72700CC180C /* TaskModifiable.swift */ = {isa = PBXFileReference; lastKnownFileType = sourcecode.swift; path = TaskModifiable.swift; sourceTree = "<group>"; };
		33809606250FC83A00CC180C /* DataFetchable.swift */ = {isa = PBXFileReference; lastKnownFileType = sourcecode.swift; path = DataFetchable.swift; sourceTree = "<group>"; };
		3380960A250FFDF600CC180C /* Progressable.swift */ = {isa = PBXFileReference; lastKnownFileType = sourcecode.swift; path = Progressable.swift; sourceTree = "<group>"; };
		33A0DB272507378F005BA9D7 /* Zhinaqy.app */ = {isa = PBXFileReference; explicitFileType = wrapper.application; includeInIndex = 0; path = Zhinaqy.app; sourceTree = BUILT_PRODUCTS_DIR; };
		33A0DB2A2507378F005BA9D7 /* AppDelegate.swift */ = {isa = PBXFileReference; lastKnownFileType = sourcecode.swift; path = AppDelegate.swift; sourceTree = "<group>"; };
		33A0DB2C2507378F005BA9D7 /* SceneDelegate.swift */ = {isa = PBXFileReference; lastKnownFileType = sourcecode.swift; path = SceneDelegate.swift; sourceTree = "<group>"; };
		33A0DB342507378F005BA9D7 /* Zhinaqy.xcdatamodel */ = {isa = PBXFileReference; lastKnownFileType = wrapper.xcdatamodel; path = Zhinaqy.xcdatamodel; sourceTree = "<group>"; };
		33A0DB3625073793005BA9D7 /* Assets.xcassets */ = {isa = PBXFileReference; lastKnownFileType = folder.assetcatalog; path = Assets.xcassets; sourceTree = "<group>"; };
		33A0DB3925073793005BA9D7 /* Base */ = {isa = PBXFileReference; lastKnownFileType = file.storyboard; name = Base; path = Base.lproj/LaunchScreen.storyboard; sourceTree = "<group>"; };
		33A0DB3B25073793005BA9D7 /* Info.plist */ = {isa = PBXFileReference; lastKnownFileType = text.plist.xml; path = Info.plist; sourceTree = "<group>"; };
		33A0DB482507382D005BA9D7 /* DependencyContainer.swift */ = {isa = PBXFileReference; lastKnownFileType = sourcecode.swift; path = DependencyContainer.swift; sourceTree = "<group>"; };
		33A0DB4A2507383D005BA9D7 /* ViewFactory.swift */ = {isa = PBXFileReference; lastKnownFileType = sourcecode.swift; path = ViewFactory.swift; sourceTree = "<group>"; };
		33A0DB4C25073845005BA9D7 /* ViewModelFactory.swift */ = {isa = PBXFileReference; lastKnownFileType = sourcecode.swift; path = ViewModelFactory.swift; sourceTree = "<group>"; };
		33A0DB4E25073855005BA9D7 /* CoreDataManager.swift */ = {isa = PBXFileReference; lastKnownFileType = sourcecode.swift; path = CoreDataManager.swift; sourceTree = "<group>"; };
		33A0DB5425073ACD005BA9D7 /* CalendarView.swift */ = {isa = PBXFileReference; lastKnownFileType = sourcecode.swift; path = CalendarView.swift; sourceTree = "<group>"; };
		33A0DB5625074411005BA9D7 /* PlansView.swift */ = {isa = PBXFileReference; lastKnownFileType = sourcecode.swift; path = PlansView.swift; sourceTree = "<group>"; };
		33A364902510AF9F00A31E44 /* Observable.swift */ = {isa = PBXFileReference; lastKnownFileType = sourcecode.swift; path = Observable.swift; sourceTree = "<group>"; };
		33A364922510B06500A31E44 /* BindableTextField.swift */ = {isa = PBXFileReference; lastKnownFileType = sourcecode.swift; path = BindableTextField.swift; sourceTree = "<group>"; };
		33A364962510B0E600A31E44 /* BindableSwitch.swift */ = {isa = PBXFileReference; lastKnownFileType = sourcecode.swift; path = BindableSwitch.swift; sourceTree = "<group>"; };
		33A364982510B10900A31E44 /* BindableSegmentedControl.swift */ = {isa = PBXFileReference; lastKnownFileType = sourcecode.swift; path = BindableSegmentedControl.swift; sourceTree = "<group>"; };
		33A3649A2510B11800A31E44 /* BindableTextView.swift */ = {isa = PBXFileReference; lastKnownFileType = sourcecode.swift; path = BindableTextView.swift; sourceTree = "<group>"; };
		33A3649C2510B13A00A31E44 /* BindablePickerView.swift */ = {isa = PBXFileReference; lastKnownFileType = sourcecode.swift; path = BindablePickerView.swift; sourceTree = "<group>"; };
		33A3649E2510B14E00A31E44 /* BindableDatePicker.swift */ = {isa = PBXFileReference; lastKnownFileType = sourcecode.swift; path = BindableDatePicker.swift; sourceTree = "<group>"; };
		33A364A425113FDF00A31E44 /* README.md */ = {isa = PBXFileReference; lastKnownFileType = net.daringfireball.markdown; path = README.md; sourceTree = "<group>"; };
		33A429C9250A074C0000872D /* UIView+Anchor.swift */ = {isa = PBXFileReference; lastKnownFileType = sourcecode.swift; path = "UIView+Anchor.swift"; sourceTree = "<group>"; };
		33A429CB250A1A570000872D /* UIViewController+UIActionSheet.swift */ = {isa = PBXFileReference; lastKnownFileType = sourcecode.swift; path = "UIViewController+UIActionSheet.swift"; sourceTree = "<group>"; };
		33A429CD250A4DFD0000872D /* AlertCell.swift */ = {isa = PBXFileReference; lastKnownFileType = sourcecode.swift; path = AlertCell.swift; sourceTree = "<group>"; };
		33AE8485250BDD2A00640536 /* UIView+Animation.swift */ = {isa = PBXFileReference; lastKnownFileType = sourcecode.swift; path = "UIView+Animation.swift"; sourceTree = "<group>"; };
		33AE8487250C12DA00640536 /* SectionHeader.swift */ = {isa = PBXFileReference; lastKnownFileType = sourcecode.swift; path = SectionHeader.swift; sourceTree = "<group>"; };
		33C511E32507632900E1C6A5 /* PlansViewModel.swift */ = {isa = PBXFileReference; lastKnownFileType = sourcecode.swift; path = PlansViewModel.swift; sourceTree = "<group>"; };
		33C511E5250763B700E1C6A5 /* RootView.swift */ = {isa = PBXFileReference; lastKnownFileType = sourcecode.swift; path = RootView.swift; sourceTree = "<group>"; };
		33C511EA2507689200E1C6A5 /* Navigator.swift */ = {isa = PBXFileReference; lastKnownFileType = sourcecode.swift; path = Navigator.swift; sourceTree = "<group>"; };
		33C511EC250768A300E1C6A5 /* PlansNavigator.swift */ = {isa = PBXFileReference; lastKnownFileType = sourcecode.swift; path = PlansNavigator.swift; sourceTree = "<group>"; };
		33C511EE250768AE00E1C6A5 /* ProjectsNavigator.swift */ = {isa = PBXFileReference; lastKnownFileType = sourcecode.swift; path = ProjectsNavigator.swift; sourceTree = "<group>"; };
		33C511F4250769BE00E1C6A5 /* NewTaskView.swift */ = {isa = PBXFileReference; lastKnownFileType = sourcecode.swift; path = NewTaskView.swift; sourceTree = "<group>"; };
		33C511F6250769C700E1C6A5 /* ProjectsView.swift */ = {isa = PBXFileReference; lastKnownFileType = sourcecode.swift; path = ProjectsView.swift; sourceTree = "<group>"; };
		33C511F8250769DA00E1C6A5 /* ProjectView.swift */ = {isa = PBXFileReference; lastKnownFileType = sourcecode.swift; path = ProjectView.swift; sourceTree = "<group>"; };
		33C511FA250769E200E1C6A5 /* ProjectHeaderView.swift */ = {isa = PBXFileReference; lastKnownFileType = sourcecode.swift; path = ProjectHeaderView.swift; sourceTree = "<group>"; };
		33C511FE25077B8900E1C6A5 /* UIColor.swift */ = {isa = PBXFileReference; lastKnownFileType = sourcecode.swift; path = UIColor.swift; sourceTree = "<group>"; };
		33C5120025077E0000E1C6A5 /* TaskTableViewCell.swift */ = {isa = PBXFileReference; lastKnownFileType = sourcecode.swift; path = TaskTableViewCell.swift; sourceTree = "<group>"; };
		33C51202250786B300E1C6A5 /* NewTaskViewModel.swift */ = {isa = PBXFileReference; lastKnownFileType = sourcecode.swift; path = NewTaskViewModel.swift; sourceTree = "<group>"; };
		33C51204250786DC00E1C6A5 /* ProjectsViewModel.swift */ = {isa = PBXFileReference; lastKnownFileType = sourcecode.swift; path = ProjectsViewModel.swift; sourceTree = "<group>"; };
		33C51206250786E300E1C6A5 /* ProjectViewModel.swift */ = {isa = PBXFileReference; lastKnownFileType = sourcecode.swift; path = ProjectViewModel.swift; sourceTree = "<group>"; };
		33C51208250786ED00E1C6A5 /* NewProjectViewModel.swift */ = {isa = PBXFileReference; lastKnownFileType = sourcecode.swift; path = NewProjectViewModel.swift; sourceTree = "<group>"; };
		33C5120D2507E90900E1C6A5 /* TextFieldTableViewCell.swift */ = {isa = PBXFileReference; lastKnownFileType = sourcecode.swift; path = TextFieldTableViewCell.swift; sourceTree = "<group>"; };
		33C5120F2507EC5C00E1C6A5 /* BasicTableViewCell.swift */ = {isa = PBXFileReference; lastKnownFileType = sourcecode.swift; path = BasicTableViewCell.swift; sourceTree = "<group>"; };
		33C512112507F60C00E1C6A5 /* Bindable.swift */ = {isa = PBXFileReference; lastKnownFileType = sourcecode.swift; path = Bindable.swift; sourceTree = "<group>"; };
		33C512152507F62600E1C6A5 /* NSObject+Observable.swift */ = {isa = PBXFileReference; lastKnownFileType = sourcecode.swift; path = "NSObject+Observable.swift"; sourceTree = "<group>"; };
		33C51219250800C000E1C6A5 /* Date+String.swift */ = {isa = PBXFileReference; lastKnownFileType = sourcecode.swift; path = "Date+String.swift"; sourceTree = "<group>"; };
		33CA9605250959CA008084DD /* TextViewTableViewCell.swift */ = {isa = PBXFileReference; lastKnownFileType = sourcecode.swift; path = TextViewTableViewCell.swift; sourceTree = "<group>"; };
		33CA96072509606D008084DD /* DaysTableViewCell.swift */ = {isa = PBXFileReference; lastKnownFileType = sourcecode.swift; path = DaysTableViewCell.swift; sourceTree = "<group>"; };
		33CA960925096078008084DD /* AlertsTableViewCell.swift */ = {isa = PBXFileReference; lastKnownFileType = sourcecode.swift; path = AlertsTableViewCell.swift; sourceTree = "<group>"; };
/* End PBXFileReference section */

/* Begin PBXFrameworksBuildPhase section */
		33A0DB242507378F005BA9D7 /* Frameworks */ = {
			isa = PBXFrameworksBuildPhase;
			buildActionMask = 2147483647;
			files = (
			);
			runOnlyForDeploymentPostprocessing = 0;
		};
/* End PBXFrameworksBuildPhase section */

/* Begin PBXGroup section */
		337D1832250BB43700A47B9C /* Protocols */ = {
			isa = PBXGroup;
			children = (
				337D1833250BB43E00A47B9C /* Drawable.swift */,
				3380960A250FFDF600CC180C /* Progressable.swift */,
			);
			path = Protocols;
			sourceTree = "<group>";
		};
		338095EA250FAD5C00CC180C /* Implementation */ = {
			isa = PBXGroup;
			children = (
				338095EB250FAD7900CC180C /* DependencyContainer+ViewModelFactory.swift */,
				338095ED250FAD8200CC180C /* DependencyContainer+ViewFactory.swift */,
				338095EF250FAD8D00CC180C /* DependencyContainer+NavigationFactory.swift */,
			);
			path = Implementation;
			sourceTree = "<group>";
		};
		33809603250FC70C00CC180C /* Protocols */ = {
			isa = PBXGroup;
			children = (
				33809604250FC72700CC180C /* TaskModifiable.swift */,
			);
			path = Protocols;
			sourceTree = "<group>";
		};
		33A0DB1E2507378F005BA9D7 = {
			isa = PBXGroup;
			children = (
				33A0DB292507378F005BA9D7 /* Zhinaqy */,
				33A364A425113FDF00A31E44 /* README.md */,
				33A0DB282507378F005BA9D7 /* Products */,
			);
			sourceTree = "<group>";
		};
		33A0DB282507378F005BA9D7 /* Products */ = {
			isa = PBXGroup;
			children = (
				33A0DB272507378F005BA9D7 /* Zhinaqy.app */,
			);
			name = Products;
			sourceTree = "<group>";
		};
		33A0DB292507378F005BA9D7 /* Zhinaqy */ = {
			isa = PBXGroup;
			children = (
				33A0DB2A2507378F005BA9D7 /* AppDelegate.swift */,
				33A0DB2C2507378F005BA9D7 /* SceneDelegate.swift */,
				33A0DB47250737D7005BA9D7 /* Resources */,
				33A0DB41250737AB005BA9D7 /* Services */,
				33A0DB44250737C3005BA9D7 /* Model */,
				33A0DB45250737C9005BA9D7 /* View */,
				33A0DB46250737CD005BA9D7 /* ViewModel */,
				33A0DB43250737BC005BA9D7 /* Extension */,
				33A0DB42250737B5005BA9D7 /* Utilities */,
				33A0DB3B25073793005BA9D7 /* Info.plist */,
			);
			path = Zhinaqy;
			sourceTree = "<group>";
		};
		33A0DB41250737AB005BA9D7 /* Services */ = {
			isa = PBXGroup;
			children = (
				33A0DB482507382D005BA9D7 /* DependencyContainer.swift */,
				338095EA250FAD5C00CC180C /* Implementation */,
				33C511E72507685500E1C6A5 /* Factory */,
				33C511E82507685D00E1C6A5 /* Navigation */,
				33C511E92507686E00E1C6A5 /* DataManager */,
			);
			path = Services;
			sourceTree = "<group>";
		};
		33A0DB42250737B5005BA9D7 /* Utilities */ = {
			isa = PBXGroup;
			children = (
				337D182E250B6F7B00A47B9C /* Color.swift */,
				33C512112507F60C00E1C6A5 /* Bindable.swift */,
				33A364902510AF9F00A31E44 /* Observable.swift */,
				33C512152507F62600E1C6A5 /* NSObject+Observable.swift */,
				33A364922510B06500A31E44 /* BindableTextField.swift */,
				33A364962510B0E600A31E44 /* BindableSwitch.swift */,
				33A364982510B10900A31E44 /* BindableSegmentedControl.swift */,
				33A3649A2510B11800A31E44 /* BindableTextView.swift */,
				33A3649C2510B13A00A31E44 /* BindablePickerView.swift */,
				33A3649E2510B14E00A31E44 /* BindableDatePicker.swift */,
			);
			path = Utilities;
			sourceTree = "<group>";
		};
		33A0DB43250737BC005BA9D7 /* Extension */ = {
			isa = PBXGroup;
			children = (
				33C511FE25077B8900E1C6A5 /* UIColor.swift */,
				33A429C9250A074C0000872D /* UIView+Anchor.swift */,
				33AE8485250BDD2A00640536 /* UIView+Animation.swift */,
				33A429CB250A1A570000872D /* UIViewController+UIActionSheet.swift */,
				337D1828250B54A000A47B9C /* Date.swift */,
				33C51219250800C000E1C6A5 /* Date+String.swift */,
				337D182C250B5A4F00A47B9C /* Date+Int.swift */,
				33109779250CEA3800A9F666 /* UINavigationController.swift */,
				3310977B250D594100A9F666 /* UIButton+Path.swift */,
			);
			path = Extension;
			sourceTree = "<group>";
		};
		33A0DB44250737C3005BA9D7 /* Model */ = {
			isa = PBXGroup;
			children = (
				337D182A250B57B400A47B9C /* Task.swift */,
			);
			path = Model;
			sourceTree = "<group>";
		};
		33A0DB45250737C9005BA9D7 /* View */ = {
			isa = PBXGroup;
			children = (
				337D1832250BB43700A47B9C /* Protocols */,
				33C5120C2507E8F600E1C6A5 /* Cells */,
				33A0DB5025073A52005BA9D7 /* Plans */,
				33A0DB5125073A5F005BA9D7 /* Projects */,
				33C511E5250763B700E1C6A5 /* RootView.swift */,
			);
			path = View;
			sourceTree = "<group>";
		};
		33A0DB46250737CD005BA9D7 /* ViewModel */ = {
			isa = PBXGroup;
			children = (
				33809603250FC70C00CC180C /* Protocols */,
				33A0DB5225073A78005BA9D7 /* Plans */,
				33A0DB5325073A7F005BA9D7 /* Projects */,
			);
			path = ViewModel;
			sourceTree = "<group>";
		};
		33A0DB47250737D7005BA9D7 /* Resources */ = {
			isa = PBXGroup;
			children = (
				33A0DB3625073793005BA9D7 /* Assets.xcassets */,
				33A0DB3825073793005BA9D7 /* LaunchScreen.storyboard */,
				33A0DB332507378F005BA9D7 /* Zhinaqy.xcdatamodeld */,
			);
			path = Resources;
			sourceTree = "<group>";
		};
		33A0DB5025073A52005BA9D7 /* Plans */ = {
			isa = PBXGroup;
			children = (
				33A0DB5425073ACD005BA9D7 /* CalendarView.swift */,
				33A0DB5625074411005BA9D7 /* PlansView.swift */,
				33C511F4250769BE00E1C6A5 /* NewTaskView.swift */,
			);
			path = Plans;
			sourceTree = "<group>";
		};
		33A0DB5125073A5F005BA9D7 /* Projects */ = {
			isa = PBXGroup;
			children = (
				33C511F6250769C700E1C6A5 /* ProjectsView.swift */,
				33C511F8250769DA00E1C6A5 /* ProjectView.swift */,
				33C511FA250769E200E1C6A5 /* ProjectHeaderView.swift */,
				33109777250C983200A9F666 /* NewProjectView.swift */,
			);
			path = Projects;
			sourceTree = "<group>";
		};
		33A0DB5225073A78005BA9D7 /* Plans */ = {
			isa = PBXGroup;
			children = (
				33C511E32507632900E1C6A5 /* PlansViewModel.swift */,
				33C51202250786B300E1C6A5 /* NewTaskViewModel.swift */,
			);
			path = Plans;
			sourceTree = "<group>";
		};
		33A0DB5325073A7F005BA9D7 /* Projects */ = {
			isa = PBXGroup;
			children = (
				33C51204250786DC00E1C6A5 /* ProjectsViewModel.swift */,
				33C51206250786E300E1C6A5 /* ProjectViewModel.swift */,
				33C51208250786ED00E1C6A5 /* NewProjectViewModel.swift */,
			);
			path = Projects;
			sourceTree = "<group>";
		};
		33C511E72507685500E1C6A5 /* Factory */ = {
			isa = PBXGroup;
			children = (
				33A0DB4A2507383D005BA9D7 /* ViewFactory.swift */,
				33A0DB4C25073845005BA9D7 /* ViewModelFactory.swift */,
				338095F1250FAD9C00CC180C /* NavigationFactory.swift */,
			);
			path = Factory;
			sourceTree = "<group>";
		};
		33C511E82507685D00E1C6A5 /* Navigation */ = {
			isa = PBXGroup;
			children = (
				33C511EA2507689200E1C6A5 /* Navigator.swift */,
				33C511EC250768A300E1C6A5 /* PlansNavigator.swift */,
				33C511EE250768AE00E1C6A5 /* ProjectsNavigator.swift */,
			);
			path = Navigation;
			sourceTree = "<group>";
		};
		33C511E92507686E00E1C6A5 /* DataManager */ = {
			isa = PBXGroup;
			children = (
				33A0DB4E25073855005BA9D7 /* CoreDataManager.swift */,
				338095F9250FB4EF00CC180C /* CoreDataResult.swift */,
				338095F3250FAE8200CC180C /* CoreDataError.swift */,
				338095F5250FB24C00CC180C /* Contextable.swift */,
				338095F7250FB2E300CC180C /* BatchRequestable.swift */,
				338095FB250FB90A00CC180C /* EntityModifiable.swift */,
				33809606250FC83A00CC180C /* DataFetchable.swift */,
			);
			path = DataManager;
			sourceTree = "<group>";
		};
		33C5120C2507E8F600E1C6A5 /* Cells */ = {
			isa = PBXGroup;
			children = (
				33C5120D2507E90900E1C6A5 /* TextFieldTableViewCell.swift */,
				33C5120F2507EC5C00E1C6A5 /* BasicTableViewCell.swift */,
				33CA9605250959CA008084DD /* TextViewTableViewCell.swift */,
				33CA96072509606D008084DD /* DaysTableViewCell.swift */,
				33CA960925096078008084DD /* AlertsTableViewCell.swift */,
				33A429CD250A4DFD0000872D /* AlertCell.swift */,
				33C5120025077E0000E1C6A5 /* TaskTableViewCell.swift */,
				337D1830250B7B9C00A47B9C /* DayCell.swift */,
				33AE8487250C12DA00640536 /* SectionHeader.swift */,
			);
			path = Cells;
			sourceTree = "<group>";
		};
/* End PBXGroup section */

/* Begin PBXNativeTarget section */
		33A0DB262507378F005BA9D7 /* Zhinaqy */ = {
			isa = PBXNativeTarget;
			buildConfigurationList = 33A0DB3E25073793005BA9D7 /* Build configuration list for PBXNativeTarget "Zhinaqy" */;
			buildPhases = (
				33A0DB232507378F005BA9D7 /* Sources */,
				33A0DB242507378F005BA9D7 /* Frameworks */,
				33A0DB252507378F005BA9D7 /* Resources */,
			);
			buildRules = (
			);
			dependencies = (
			);
			name = Zhinaqy;
			productName = Zhinaqy;
			productReference = 33A0DB272507378F005BA9D7 /* Zhinaqy.app */;
			productType = "com.apple.product-type.application";
		};
/* End PBXNativeTarget section */

/* Begin PBXProject section */
		33A0DB1F2507378F005BA9D7 /* Project object */ = {
			isa = PBXProject;
			attributes = {
				LastSwiftUpdateCheck = 1160;
				LastUpgradeCheck = 1160;
				ORGANIZATIONNAME = "Kuanysh Anarbay";
				TargetAttributes = {
					33A0DB262507378F005BA9D7 = {
						CreatedOnToolsVersion = 11.6;
					};
				};
			};
			buildConfigurationList = 33A0DB222507378F005BA9D7 /* Build configuration list for PBXProject "Zhinaqy" */;
			compatibilityVersion = "Xcode 9.3";
			developmentRegion = en;
			hasScannedForEncodings = 0;
			knownRegions = (
				en,
				Base,
			);
			mainGroup = 33A0DB1E2507378F005BA9D7;
			productRefGroup = 33A0DB282507378F005BA9D7 /* Products */;
			projectDirPath = "";
			projectRoot = "";
			targets = (
				33A0DB262507378F005BA9D7 /* Zhinaqy */,
			);
		};
/* End PBXProject section */

/* Begin PBXResourcesBuildPhase section */
		33A0DB252507378F005BA9D7 /* Resources */ = {
			isa = PBXResourcesBuildPhase;
			buildActionMask = 2147483647;
			files = (
				33A364A525113FDF00A31E44 /* README.md in Resources */,
				33A0DB3A25073793005BA9D7 /* LaunchScreen.storyboard in Resources */,
				33A0DB3725073793005BA9D7 /* Assets.xcassets in Resources */,
			);
			runOnlyForDeploymentPostprocessing = 0;
		};
/* End PBXResourcesBuildPhase section */

/* Begin PBXSourcesBuildPhase section */
		33A0DB232507378F005BA9D7 /* Sources */ = {
			isa = PBXSourcesBuildPhase;
			buildActionMask = 2147483647;
			files = (
				33A0DB352507378F005BA9D7 /* Zhinaqy.xcdatamodeld in Sources */,
				33A0DB4B2507383D005BA9D7 /* ViewFactory.swift in Sources */,
				33C511F9250769DA00E1C6A5 /* ProjectView.swift in Sources */,
				338095F0250FAD8D00CC180C /* DependencyContainer+NavigationFactory.swift in Sources */,
				33C511F7250769C700E1C6A5 /* ProjectsView.swift in Sources */,
				33C511F5250769BE00E1C6A5 /* NewTaskView.swift in Sources */,
				33AE8486250BDD2A00640536 /* UIView+Animation.swift in Sources */,
				33A364992510B10900A31E44 /* BindableSegmentedControl.swift in Sources */,
				338095F2250FAD9C00CC180C /* NavigationFactory.swift in Sources */,
				33C51203250786B300E1C6A5 /* NewTaskViewModel.swift in Sources */,
				337D182F250B6F7B00A47B9C /* Color.swift in Sources */,
				33C5121A250800C000E1C6A5 /* Date+String.swift in Sources */,
				33A0DB492507382D005BA9D7 /* DependencyContainer.swift in Sources */,
				3310977C250D594100A9F666 /* UIButton+Path.swift in Sources */,
				33CA96082509606D008084DD /* DaysTableViewCell.swift in Sources */,
				33C51209250786ED00E1C6A5 /* NewProjectViewModel.swift in Sources */,
				33A3649B2510B11800A31E44 /* BindableTextView.swift in Sources */,
				33C5120125077E0000E1C6A5 /* TaskTableViewCell.swift in Sources */,
				3310977A250CEA3800A9F666 /* UINavigationController.swift in Sources */,
				337D182D250B5A4F00A47B9C /* Date+Int.swift in Sources */,
				33C51205250786DC00E1C6A5 /* ProjectsViewModel.swift in Sources */,
				33A364932510B06500A31E44 /* BindableTextField.swift in Sources */,
				33AE8488250C12DA00640536 /* SectionHeader.swift in Sources */,
				33C512122507F60C00E1C6A5 /* Bindable.swift in Sources */,
				33C511EB2507689200E1C6A5 /* Navigator.swift in Sources */,
				33C512102507EC5C00E1C6A5 /* BasicTableViewCell.swift in Sources */,
				33A364912510AF9F00A31E44 /* Observable.swift in Sources */,
				338095EE250FAD8200CC180C /* DependencyContainer+ViewFactory.swift in Sources */,
				33C511EF250768AE00E1C6A5 /* ProjectsNavigator.swift in Sources */,
				33A429CE250A4DFD0000872D /* AlertCell.swift in Sources */,
				33C511FF25077B8900E1C6A5 /* UIColor.swift in Sources */,
				337D1834250BB43E00A47B9C /* Drawable.swift in Sources */,
				338095FA250FB4EF00CC180C /* CoreDataResult.swift in Sources */,
				33A364972510B0E600A31E44 /* BindableSwitch.swift in Sources */,
				338095F6250FB24C00CC180C /* Contextable.swift in Sources */,
				338095EC250FAD7900CC180C /* DependencyContainer+ViewModelFactory.swift in Sources */,
				338095F8250FB2E300CC180C /* BatchRequestable.swift in Sources */,
				33CA960A25096079008084DD /* AlertsTableViewCell.swift in Sources */,
				33A3649D2510B13A00A31E44 /* BindablePickerView.swift in Sources */,
				33A429CA250A074C0000872D /* UIView+Anchor.swift in Sources */,
				338095FC250FB90A00CC180C /* EntityModifiable.swift in Sources */,
				33CA9606250959CA008084DD /* TextViewTableViewCell.swift in Sources */,
				3380960B250FFDF600CC180C /* Progressable.swift in Sources */,
				33A0DB2B2507378F005BA9D7 /* AppDelegate.swift in Sources */,
				33A3649F2510B14E00A31E44 /* BindableDatePicker.swift in Sources */,
				33C5120E2507E90900E1C6A5 /* TextFieldTableViewCell.swift in Sources */,
				33C511ED250768A300E1C6A5 /* PlansNavigator.swift in Sources */,
				33809607250FC83A00CC180C /* DataFetchable.swift in Sources */,
				33A0DB5525073ACD005BA9D7 /* CalendarView.swift in Sources */,
				33C511FB250769E200E1C6A5 /* ProjectHeaderView.swift in Sources */,
				33C51207250786E300E1C6A5 /* ProjectViewModel.swift in Sources */,
				33809605250FC72700CC180C /* TaskModifiable.swift in Sources */,
				337D1831250B7B9C00A47B9C /* DayCell.swift in Sources */,
				33A429CC250A1A570000872D /* UIViewController+UIActionSheet.swift in Sources */,
				33A0DB2D2507378F005BA9D7 /* SceneDelegate.swift in Sources */,
				33109778250C983200A9F666 /* NewProjectView.swift in Sources */,
				33A0DB5725074411005BA9D7 /* PlansView.swift in Sources */,
				33C512162507F62600E1C6A5 /* NSObject+Observable.swift in Sources */,
				337D1829250B54A000A47B9C /* Date.swift in Sources */,
				33C511E6250763B700E1C6A5 /* RootView.swift in Sources */,
				33A0DB4F25073855005BA9D7 /* CoreDataManager.swift in Sources */,
				337D182B250B57B400A47B9C /* Task.swift in Sources */,
				338095F4250FAE8200CC180C /* CoreDataError.swift in Sources */,
				33A0DB4D25073845005BA9D7 /* ViewModelFactory.swift in Sources */,
				33C511E42507632900E1C6A5 /* PlansViewModel.swift in Sources */,
			);
			runOnlyForDeploymentPostprocessing = 0;
		};
/* End PBXSourcesBuildPhase section */

/* Begin PBXVariantGroup section */
		33A0DB3825073793005BA9D7 /* LaunchScreen.storyboard */ = {
			isa = PBXVariantGroup;
			children = (
				33A0DB3925073793005BA9D7 /* Base */,
			);
			name = LaunchScreen.storyboard;
			sourceTree = "<group>";
		};
/* End PBXVariantGroup section */

/* Begin XCBuildConfiguration section */
		33A0DB3C25073793005BA9D7 /* Debug */ = {
			isa = XCBuildConfiguration;
			buildSettings = {
				ALWAYS_SEARCH_USER_PATHS = NO;
				CLANG_ANALYZER_NONNULL = YES;
				CLANG_ANALYZER_NUMBER_OBJECT_CONVERSION = YES_AGGRESSIVE;
				CLANG_CXX_LANGUAGE_STANDARD = "gnu++14";
				CLANG_CXX_LIBRARY = "libc++";
				CLANG_ENABLE_MODULES = YES;
				CLANG_ENABLE_OBJC_ARC = YES;
				CLANG_ENABLE_OBJC_WEAK = YES;
				CLANG_WARN_BLOCK_CAPTURE_AUTORELEASING = YES;
				CLANG_WARN_BOOL_CONVERSION = YES;
				CLANG_WARN_COMMA = YES;
				CLANG_WARN_CONSTANT_CONVERSION = YES;
				CLANG_WARN_DEPRECATED_OBJC_IMPLEMENTATIONS = YES;
				CLANG_WARN_DIRECT_OBJC_ISA_USAGE = YES_ERROR;
				CLANG_WARN_DOCUMENTATION_COMMENTS = YES;
				CLANG_WARN_EMPTY_BODY = YES;
				CLANG_WARN_ENUM_CONVERSION = YES;
				CLANG_WARN_INFINITE_RECURSION = YES;
				CLANG_WARN_INT_CONVERSION = YES;
				CLANG_WARN_NON_LITERAL_NULL_CONVERSION = YES;
				CLANG_WARN_OBJC_IMPLICIT_RETAIN_SELF = YES;
				CLANG_WARN_OBJC_LITERAL_CONVERSION = YES;
				CLANG_WARN_OBJC_ROOT_CLASS = YES_ERROR;
				CLANG_WARN_RANGE_LOOP_ANALYSIS = YES;
				CLANG_WARN_STRICT_PROTOTYPES = YES;
				CLANG_WARN_SUSPICIOUS_MOVE = YES;
				CLANG_WARN_UNGUARDED_AVAILABILITY = YES_AGGRESSIVE;
				CLANG_WARN_UNREACHABLE_CODE = YES;
				CLANG_WARN__DUPLICATE_METHOD_MATCH = YES;
				COPY_PHASE_STRIP = NO;
				DEBUG_INFORMATION_FORMAT = dwarf;
				ENABLE_STRICT_OBJC_MSGSEND = YES;
				ENABLE_TESTABILITY = YES;
				GCC_C_LANGUAGE_STANDARD = gnu11;
				GCC_DYNAMIC_NO_PIC = NO;
				GCC_NO_COMMON_BLOCKS = YES;
				GCC_OPTIMIZATION_LEVEL = 0;
				GCC_PREPROCESSOR_DEFINITIONS = (
					"DEBUG=1",
					"$(inherited)",
				);
				GCC_WARN_64_TO_32_BIT_CONVERSION = YES;
				GCC_WARN_ABOUT_RETURN_TYPE = YES_ERROR;
				GCC_WARN_UNDECLARED_SELECTOR = YES;
				GCC_WARN_UNINITIALIZED_AUTOS = YES_AGGRESSIVE;
				GCC_WARN_UNUSED_FUNCTION = YES;
				GCC_WARN_UNUSED_VARIABLE = YES;
				IPHONEOS_DEPLOYMENT_TARGET = 12.0;
				MTL_ENABLE_DEBUG_INFO = INCLUDE_SOURCE;
				MTL_FAST_MATH = YES;
				ONLY_ACTIVE_ARCH = YES;
				SDKROOT = iphoneos;
				SWIFT_ACTIVE_COMPILATION_CONDITIONS = DEBUG;
				SWIFT_OPTIMIZATION_LEVEL = "-Onone";
			};
			name = Debug;
		};
		33A0DB3D25073793005BA9D7 /* Release */ = {
			isa = XCBuildConfiguration;
			buildSettings = {
				ALWAYS_SEARCH_USER_PATHS = NO;
				CLANG_ANALYZER_NONNULL = YES;
				CLANG_ANALYZER_NUMBER_OBJECT_CONVERSION = YES_AGGRESSIVE;
				CLANG_CXX_LANGUAGE_STANDARD = "gnu++14";
				CLANG_CXX_LIBRARY = "libc++";
				CLANG_ENABLE_MODULES = YES;
				CLANG_ENABLE_OBJC_ARC = YES;
				CLANG_ENABLE_OBJC_WEAK = YES;
				CLANG_WARN_BLOCK_CAPTURE_AUTORELEASING = YES;
				CLANG_WARN_BOOL_CONVERSION = YES;
				CLANG_WARN_COMMA = YES;
				CLANG_WARN_CONSTANT_CONVERSION = YES;
				CLANG_WARN_DEPRECATED_OBJC_IMPLEMENTATIONS = YES;
				CLANG_WARN_DIRECT_OBJC_ISA_USAGE = YES_ERROR;
				CLANG_WARN_DOCUMENTATION_COMMENTS = YES;
				CLANG_WARN_EMPTY_BODY = YES;
				CLANG_WARN_ENUM_CONVERSION = YES;
				CLANG_WARN_INFINITE_RECURSION = YES;
				CLANG_WARN_INT_CONVERSION = YES;
				CLANG_WARN_NON_LITERAL_NULL_CONVERSION = YES;
				CLANG_WARN_OBJC_IMPLICIT_RETAIN_SELF = YES;
				CLANG_WARN_OBJC_LITERAL_CONVERSION = YES;
				CLANG_WARN_OBJC_ROOT_CLASS = YES_ERROR;
				CLANG_WARN_RANGE_LOOP_ANALYSIS = YES;
				CLANG_WARN_STRICT_PROTOTYPES = YES;
				CLANG_WARN_SUSPICIOUS_MOVE = YES;
				CLANG_WARN_UNGUARDED_AVAILABILITY = YES_AGGRESSIVE;
				CLANG_WARN_UNREACHABLE_CODE = YES;
				CLANG_WARN__DUPLICATE_METHOD_MATCH = YES;
				COPY_PHASE_STRIP = NO;
				DEBUG_INFORMATION_FORMAT = "dwarf-with-dsym";
				ENABLE_NS_ASSERTIONS = NO;
				ENABLE_STRICT_OBJC_MSGSEND = YES;
				GCC_C_LANGUAGE_STANDARD = gnu11;
				GCC_NO_COMMON_BLOCKS = YES;
				GCC_WARN_64_TO_32_BIT_CONVERSION = YES;
				GCC_WARN_ABOUT_RETURN_TYPE = YES_ERROR;
				GCC_WARN_UNDECLARED_SELECTOR = YES;
				GCC_WARN_UNINITIALIZED_AUTOS = YES_AGGRESSIVE;
				GCC_WARN_UNUSED_FUNCTION = YES;
				GCC_WARN_UNUSED_VARIABLE = YES;
				IPHONEOS_DEPLOYMENT_TARGET = 12.0;
				MTL_ENABLE_DEBUG_INFO = NO;
				MTL_FAST_MATH = YES;
				SDKROOT = iphoneos;
				SWIFT_COMPILATION_MODE = wholemodule;
				SWIFT_OPTIMIZATION_LEVEL = "-O";
				VALIDATE_PRODUCT = YES;
			};
			name = Release;
		};
		33A0DB3F25073793005BA9D7 /* Debug */ = {
			isa = XCBuildConfiguration;
			buildSettings = {
				ASSETCATALOG_COMPILER_APPICON_NAME = AppIcon;
				CODE_SIGN_STYLE = Automatic;
				DEVELOPMENT_TEAM = 9WL566ZDJM;
				INFOPLIST_FILE = Zhinaqy/Info.plist;
				IPHONEOS_DEPLOYMENT_TARGET = 12.0;
				LD_RUNPATH_SEARCH_PATHS = (
					"$(inherited)",
					"@executable_path/Frameworks",
				);
				PRODUCT_BUNDLE_IDENTIFIER = "com.kuna-anarbay.Zhinaqy";
				PRODUCT_NAME = "$(TARGET_NAME)";
				SWIFT_VERSION = 5.0;
				TARGETED_DEVICE_FAMILY = 1;
			};
			name = Debug;
		};
		33A0DB4025073793005BA9D7 /* Release */ = {
			isa = XCBuildConfiguration;
			buildSettings = {
				ASSETCATALOG_COMPILER_APPICON_NAME = AppIcon;
				CODE_SIGN_STYLE = Automatic;
				DEVELOPMENT_TEAM = 9WL566ZDJM;
				INFOPLIST_FILE = Zhinaqy/Info.plist;
				IPHONEOS_DEPLOYMENT_TARGET = 12.0;
				LD_RUNPATH_SEARCH_PATHS = (
					"$(inherited)",
					"@executable_path/Frameworks",
				);
				PRODUCT_BUNDLE_IDENTIFIER = "com.kuna-anarbay.Zhinaqy";
				PRODUCT_NAME = "$(TARGET_NAME)";
				SWIFT_VERSION = 5.0;
				TARGETED_DEVICE_FAMILY = 1;
			};
			name = Release;
		};
/* End XCBuildConfiguration section */

/* Begin XCConfigurationList section */
		33A0DB222507378F005BA9D7 /* Build configuration list for PBXProject "Zhinaqy" */ = {
			isa = XCConfigurationList;
			buildConfigurations = (
				33A0DB3C25073793005BA9D7 /* Debug */,
				33A0DB3D25073793005BA9D7 /* Release */,
			);
			defaultConfigurationIsVisible = 0;
			defaultConfigurationName = Release;
		};
		33A0DB3E25073793005BA9D7 /* Build configuration list for PBXNativeTarget "Zhinaqy" */ = {
			isa = XCConfigurationList;
			buildConfigurations = (
				33A0DB3F25073793005BA9D7 /* Debug */,
				33A0DB4025073793005BA9D7 /* Release */,
			);
			defaultConfigurationIsVisible = 0;
			defaultConfigurationName = Release;
		};
/* End XCConfigurationList section */

/* Begin XCVersionGroup section */
		33A0DB332507378F005BA9D7 /* Zhinaqy.xcdatamodeld */ = {
			isa = XCVersionGroup;
			children = (
				33A0DB342507378F005BA9D7 /* Zhinaqy.xcdatamodel */,
			);
			currentVersion = 33A0DB342507378F005BA9D7 /* Zhinaqy.xcdatamodel */;
			path = Zhinaqy.xcdatamodeld;
			sourceTree = "<group>";
			versionGroupType = wrapper.xcdatamodel;
		};
/* End XCVersionGroup section */
	};
	rootObject = 33A0DB1F2507378F005BA9D7 /* Project object */;
}
